{
  "nodes": {
    "_1password-shell-plugins": {
      "inputs": {
        "nixpkgs": "nixpkgs",
        "systems": "systems"
      },
      "locked": {
        "lastModified": 1780499098,
        "narHash": "sha256-AAUAO+0O20dbK2vzXUg4OU7f9xW29MaSV4q2DqLO2mw=",
        "owner": "1Password",
        "repo": "shell-plugins",
        "rev": "ba4a16f881d53b43a829e72a8260144f31c3f4e4",
        "type": "github"
      },
      "original": {
        "owner": "1Password",
        "repo": "shell-plugins",
        "type": "github"
      }
    },
    "flake-parts": {
      "inputs": {
        "nixpkgs-lib": "nixpkgs-lib"
      },
      "locked": {
        "lastModified": 1772408722,
        "narHash": "sha256-rHuJtdcOjK7rAHpHphUb1iCvgkU3GpfvicLMwwnfMT0=",
        "owner": "hercules-ci",
        "repo": "flake-parts",
        "rev": "f20dc5d9b8027381c474144ecabc9034d6a839a3",
        "type": "github"
      },
      "original": {
        "owner": "hercules-ci",
        "repo": "flake-parts",
        "type": "github"
      }
    },
    "home-manager": {
      "inputs": {
        "nixpkgs": [
          "nixpkgs"
        ]
      },
      "locked": {
        "lastModified": 1780515920,
        "narHash": "sha256-8KX2hEeOX6KP3hBBJJI8dGWVrzbOOf1rBPmg/GUG24U=",
        "owner": "nix-community",
        "repo": "home-manager",
        "rev": "4c5c1e8ba14f1c7475fa31ff11bc1c19cd220974",
        "type": "github"
      },
      "original": {
        "owner": "nix-community",
        "repo": "home-manager",
        "type": "github"
      }
    },
    "nix-darwin": {
      "inputs": {
        "nixpkgs": [
          "nixpkgs"
        ]
      },
      "locked": {
        "lastModified": 1779036909,
        "narHash": "sha256-zXcwYQGCT6pzinK+1dBB2ekTVtfxGZAapb3Evdcu4fY=",
        "owner": "nix-darwin",
        "repo": "nix-darwin",
        "rev": "56c666e108467d87d13508936aade6d567f2a501",
        "type": "github"
      },
      "original": {
        "owner": "nix-darwin",
        "ref": "master",
        "repo": "nix-darwin",
        "type": "github"
      }
    },
    "nix-topology": {
      "inputs": {
        "flake-parts": "flake-parts",
        "nixpkgs": "nixpkgs_2"
      },
      "locked": {
        "lastModified": 1778407980,
        "narHash": "sha256-r980BhsReZQe6FkmyNZkwCZpvzARo5jZgTl8HxjAssY=",
        "owner": "oddlama",
        "repo": "nix-topology",
        "rev": "ca0a602f650306d00d6f3e3c76d0f4c48a5c5adc",
        "type": "github"
      },
      "original": {
        "owner": "oddlama",
        "repo": "nix-topology",
        "type": "github"
      }
    },
    "nixpkgs": {
      "locked": {
        "lastModified": 1778124196,
        "narHash": "sha256-pYEytCNic/czazbV9r3tbQ6BZzqRBg/41x2dIC5ymOo=",
        "owner": "NixOS",
        "repo": "nixpkgs",
        "rev": "68a8af93ff4297686cb68880845e61e5e2e41d92",
        "type": "github"
      },
      "original": {
        "owner": "NixOS",
        "ref": "nixpkgs-unstable",
        "repo": "nixpkgs",
        "type": "github"
      }
    },
    "nixpkgs-lib": {
      "locked": {
        "lastModified": 1772328832,
        "narHash": "sha256-e+/T/pmEkLP6BHhYjx6GmwP5ivonQQn0bJdH9YrRB+Q=",
        "owner": "nix-community",
        "repo": "nixpkgs.lib",
        "rev": "c185c7a5e5dd8f9add5b2f8ebeff00888b070742",
        "type": "github"
      },
      "original": {
        "owner": "nix-community",
        "repo": "nixpkgs.lib",
        "type": "github"
      }
    },
    "nixpkgs_2": {
      "locked": {
        "lastModified": 1774386573,
        "narHash": "sha256-4hAV26quOxdC6iyG7kYaZcM3VOskcPUrdCQd/nx8obc=",
        "owner": "NixOS",
        "repo": "nixpkgs",
        "rev": "46db2e09e1d3f113a13c0d7b81e2f221c63b8ce9",
        "type": "github"
      },
      "original": {
        "owner": "NixOS",
        "ref": "nixos-unstable",
        "repo": "nixpkgs",
        "type": "github"
      }
    },
    "nixpkgs_3": {
      "locked": {
        "lastModified": 1780365719,
        "narHash": "sha256-QfWfccTN+70ZQ4m2qlU9PiKfz2Yppq94058iJyARNwc=",
        "owner": "NixOS",
        "repo": "nixpkgs",
        "rev": "ffa10e26ae11d676b2db836259889f1f571cb14f",
        "type": "github"
      },
      "original": {
        "owner": "NixOS",
        "ref": "nixpkgs-unstable",
        "repo": "nixpkgs",
        "type": "github"
      }
    },
    "root": {
      "inputs": {
        "_1password-shell-plugins": "_1password-shell-plugins",
        "home-manager": "home-manager",
        "nix-darwin": "nix-darwin",
        "nix-topology": "nix-topology",
        "nixpkgs": "nixpkgs_3"
      }
    },
    "systems": {
      "locked": {
        "lastModified": 1681028828,
        "narHash": "sha256-Vy1rq5AaRuLzOxct8nz4T6wlgyUR7zLU309k9mBC768=",
        "owner": "nix-systems",
        "repo": "default",
        "rev": "da67096a3b9bf56a91d16901293e51ba5b49a27e",
        "type": "github"
      },
      "original": {
        "owner": "nix-systems",
        "repo": "default",
        "type": "github"
      }
    }
  },
  "root": "root",
  "version": 7
}
